lockVersion: 2.0.0
id: 33c2b66f-3eaf-4f16-b9d7-16cecaf464c2
management:
  docChecksum: 26dfba8fb2aee99ddef5e6e985d8ed87
  docVersion: 1.0.0
  speakeasyVersion: 1.613.0
  generationVersion: 2.696.0
  releaseVersion: 0.0.1
  configChecksum: 2725638c669360eda71f4ad757f5520d
features:
  mcp-typescript:
    additionalDependencies: 0.1.0
    constsAndDefaults: 0.1.0
    core: 0.3.4
    defaultEnabledRetries: 0.1.0
    enumUnions: 0.1.0
    globalSecurity: 0.1.0
    globalSecurityCallbacks: 0.0.0
    globalServerURLs: 0.1.0
    methodSecurity: 0.1.0
    oauth2ClientCredentials: 0.1.0
    responseFormat: 0.1.0
    retries: 0.1.0
    sdkHooks: 0.2.0
    unions: 0.1.0
generatedFiles:
  - .dxtignore
  - .gitattributes
  - .npmignore
  - eslint.config.mjs
  - manifest.json
  - package.json
  - src/core.ts
  - src/funcs/booksAddBook.ts
  - src/funcs/booksGetAllBooks.ts
  - src/funcs/booksGetBookById.ts
  - src/funcs/booksUpdateBookCoverById.ts
  - src/funcs/ordersCreateOrder.ts
  - src/funcs/ordersGetAllOrders.ts
  - src/funcs/ordersGetOrderById.ts
  - src/hooks/clientcredentials.ts
  - src/hooks/hooks.ts
  - src/hooks/types.ts
  - src/lib/base64.ts
  - src/lib/config.ts
  - src/lib/dlv.ts
  - src/lib/encodings.ts
  - src/lib/files.ts
  - src/lib/http.ts
  - src/lib/is-plain-object.ts
  - src/lib/logger.ts
  - src/lib/matchers.ts
  - src/lib/primitives.ts
  - src/lib/result.ts
  - src/lib/retries.ts
  - src/lib/schemas.ts
  - src/lib/sdks.ts
  - src/lib/security.ts
  - src/lib/url.ts
  - src/mcp-server/build.mts
  - src/mcp-server/cli.ts
  - src/mcp-server/cli/start/command.ts
  - src/mcp-server/cli/start/impl.ts
  - src/mcp-server/console-logger.ts
  - src/mcp-server/extensions.ts
  - src/mcp-server/mcp-server.ts
  - src/mcp-server/prompts.ts
  - src/mcp-server/resources.ts
  - src/mcp-server/scopes.ts
  - src/mcp-server/server.ts
  - src/mcp-server/shared.ts
  - src/mcp-server/tools.ts
  - src/mcp-server/tools/booksAddBook.ts
  - src/mcp-server/tools/booksGetBookById.ts
  - src/mcp-server/tools/booksUpdateBookCoverById.ts
  - src/models/addbookop.ts
  - src/models/author.ts
  - src/models/createorderop.ts
  - src/models/errors/apierror.ts
  - src/models/errors/httpclienterrors.ts
  - src/models/errors/sdkvalidationerror.ts
  - src/models/fantasybook.ts
  - src/models/getallbooksop.ts
  - src/models/getallordersop.ts
  - src/models/getbookbyidop.ts
  - src/models/getorderbyidop.ts
  - src/models/neworder.ts
  - src/models/order.ts
  - src/models/programmingbook.ts
  - src/models/scifibook.ts
  - src/models/security.ts
  - src/models/updatebookcoverbyidop.ts
  - src/models/user.ts
  - src/types/async.ts
  - src/types/blobs.ts
  - src/types/enums.ts
  - src/types/fp.ts
  - src/types/rfcdate.ts
  - src/types/streams.ts
  - tsconfig.json
examplesVersion: 1.0.2
